
Microsoft Visual Studio Solution File, Format Version 12.00
# Visual Studio 15
VisualStudioVersion = 15.0.28307.645
MinimumVisualStudioVersion = 10.0.40219.1
Project("{FAE04EC0-301F-11D3-BF4B-00C04F79EFBC}") = "ToyRobotLibrary", "ToyRobotLibrary\ToyRobotLibrary.csproj", "{D6B932FF-F7A5-4F0E-B0A5-C6732D8E69A5}"
EndProject
Project("{FAE04EC0-301F-11D3-BF4B-00C04F79EFBC}") = "ToyRobotTest", "ToyRobotTest\ToyRobotTest.csproj", "{0902B9FD-7D93-477E-A592-09FDF98E7B73}"
EndProject
Project("{FAE04EC0-301F-11D3-BF4B-00C04F79EFBC}") = "ToyRobotApp", "ToyRobotApp\ToyRobotApp.csproj", "{0C750C41-E835-426B-BE18-06E3E9728A15}"
EndProject
Global
	GlobalSection(SolutionConfigurationPlatforms) = preSolution
		Debug|Any CPU = Debug|Any CPU
		Release|Any CPU = Release|Any CPU
	EndGlobalSection
	GlobalSection(ProjectConfigurationPlatforms) = postSolution
		{D6B932FF-F7A5-4F0E-B0A5-C6732D8E69A5}.Debug|Any CPU.ActiveCfg = Debug|Any CPU
		{D6B932FF-F7A5-4F0E-B0A5-C6732D8E69A5}.Debug|Any CPU.Build.0 = Debug|Any CPU
		{D6B932FF-F7A5-4F0E-B0A5-C6732D8E69A5}.Release|Any CPU.ActiveCfg = Release|Any CPU
		{D6B932FF-F7A5-4F0E-B0A5-C6732D8E69A5}.Release|Any CPU.Build.0 = Release|Any CPU
		{0902B9FD-7D93-477E-A592-09FDF98E7B73}.Debug|Any CPU.ActiveCfg = Debug|Any CPU
		{0902B9FD-7D93-477E-A592-09FDF98E7B73}.Debug|Any CPU.Build.0 = Debug|Any CPU
		{0902B9FD-7D93-477E-A592-09FDF98E7B73}.Release|Any CPU.ActiveCfg = Release|Any CPU
		{0902B9FD-7D93-477E-A592-09FDF98E7B73}.Release|Any CPU.Build.0 = Release|Any CPU
		{0C750C41-E835-426B-BE18-06E3E9728A15}.Debug|Any CPU.ActiveCfg = Debug|Any CPU
		{0C750C41-E835-426B-BE18-06E3E9728A15}.Debug|Any CPU.Build.0 = Debug|Any CPU
		{0C750C41-E835-426B-BE18-06E3E9728A15}.Release|Any CPU.ActiveCfg = Release|Any CPU
		{0C750C41-E835-426B-BE18-06E3E9728A15}.Release|Any CPU.Build.0 = Release|Any CPU
	EndGlobalSection
	GlobalSection(SolutionProperties) = preSolution
		HideSolutionNode = FALSE
	EndGlobalSection
	GlobalSection(ExtensibilityGlobals) = postSolution
		SolutionGuid = {F7DC9D8E-C84B-4C0E-9F5D-EA4135C391C6}
	EndGlobalSection
EndGlobal
